
Microsoft Visual Studio Solution File, Format Version 12.00
# Visual Studio Version 17
VisualStudioVersion = 17.10.35122.118
MinimumVisualStudioVersion = 10.0.40219.1
Project("{9A19103F-16F7-4668-BE54-9A1E7A4F7556}") = "Tiled2Bin", "Tiled2Bin\Tiled2Bin.csproj", "{0F95F59F-C187-4604-8042-AF08167C986C}"
EndProject
Project("{9A19103F-16F7-4668-BE54-9A1E7A4F7556}") = "Hjg.Pngcs", "Baker76.Core\src\Hjg.Pngcs\Hjg.Pngcs.csproj", "{4910FE49-B7C5-4134-94E9-E668266AEA00}"
EndProject
Project("{9A19103F-16F7-4668-BE54-9A1E7A4F7556}") = "Baker76.Imaging", "Baker76.Core\src\Baker76.Imaging\Baker76.Imaging.csproj", "{D391225C-74B1-430A-A6BE-90297D741AB1}"
EndProject
Project("{9A19103F-16F7-4668-BE54-9A1E7A4F7556}") = "Baker76.Compression", "Baker76.Core\src\Baker76.Compression\Baker76.Compression.csproj", "{11D4FD91-B473-4320-9AD7-22FB5E5D9F32}"
EndProject
Project("{9A19103F-16F7-4668-BE54-9A1E7A4F7556}") = "Baker76.Core", "Baker76.Core\src\Baker76.Core\Baker76.Core.csproj", "{4B8F1722-78E4-4EC6-8D60-EC6DBB19DB94}"
EndProject
Global
	GlobalSection(SolutionConfigurationPlatforms) = preSolution
		Debug|Any CPU = Debug|Any CPU
		Release|Any CPU = Release|Any CPU
	EndGlobalSection
	GlobalSection(ProjectConfigurationPlatforms) = postSolution
		{0F95F59F-C187-4604-8042-AF08167C986C}.Debug|Any CPU.ActiveCfg = Debug|Any CPU
		{0F95F59F-C187-4604-8042-AF08167C986C}.Debug|Any CPU.Build.0 = Debug|Any CPU
		{0F95F59F-C187-4604-8042-AF08167C986C}.Release|Any CPU.ActiveCfg = Release|Any CPU
		{0F95F59F-C187-4604-8042-AF08167C986C}.Release|Any CPU.Build.0 = Release|Any CPU
		{4910FE49-B7C5-4134-94E9-E668266AEA00}.Debug|Any CPU.ActiveCfg = Debug|Any CPU
		{4910FE49-B7C5-4134-94E9-E668266AEA00}.Debug|Any CPU.Build.0 = Debug|Any CPU
		{4910FE49-B7C5-4134-94E9-E668266AEA00}.Release|Any CPU.ActiveCfg = Release|Any CPU
		{4910FE49-B7C5-4134-94E9-E668266AEA00}.Release|Any CPU.Build.0 = Release|Any CPU
		{D391225C-74B1-430A-A6BE-90297D741AB1}.Debug|Any CPU.ActiveCfg = Debug|Any CPU
		{D391225C-74B1-430A-A6BE-90297D741AB1}.Debug|Any CPU.Build.0 = Debug|Any CPU
		{D391225C-74B1-430A-A6BE-90297D741AB1}.Release|Any CPU.ActiveCfg = Release|Any CPU
		{D391225C-74B1-430A-A6BE-90297D741AB1}.Release|Any CPU.Build.0 = Release|Any CPU
		{11D4FD91-B473-4320-9AD7-22FB5E5D9F32}.Debug|Any CPU.ActiveCfg = Debug|Any CPU
		{11D4FD91-B473-4320-9AD7-22FB5E5D9F32}.Debug|Any CPU.Build.0 = Debug|Any CPU
		{11D4FD91-B473-4320-9AD7-22FB5E5D9F32}.Release|Any CPU.ActiveCfg = Release|Any CPU
		{11D4FD91-B473-4320-9AD7-22FB5E5D9F32}.Release|Any CPU.Build.0 = Release|Any CPU
		{4B8F1722-78E4-4EC6-8D60-EC6DBB19DB94}.Debug|Any CPU.ActiveCfg = Debug|Any CPU
		{4B8F1722-78E4-4EC6-8D60-EC6DBB19DB94}.Debug|Any CPU.Build.0 = Debug|Any CPU
		{4B8F1722-78E4-4EC6-8D60-EC6DBB19DB94}.Release|Any CPU.ActiveCfg = Release|Any CPU
		{4B8F1722-78E4-4EC6-8D60-EC6DBB19DB94}.Release|Any CPU.Build.0 = Release|Any CPU
	EndGlobalSection
	GlobalSection(SolutionProperties) = preSolution
		HideSolutionNode = FALSE
	EndGlobalSection
	GlobalSection(ExtensibilityGlobals) = postSolution
		SolutionGuid = {396E33E7-9E6B-43A4-B984-22BF6209D3DC}
	EndGlobalSection
EndGlobal
